
Microsoft Visual Studio Solution File, Format Version 12.00
# Visual Studio Version 17
VisualStudioVersion = 17.7.34031.279
MinimumVisualStudioVersion = 10.0.40219.1
Project("{FAE04EC0-301F-11D3-BF4B-00C04F79EFBC}") = "CSharp8", "CSharp8\CSharp8.csproj", "{F576A912-978F-4626-92BC-552C498A7367}"
EndProject
Global
	GlobalSection(SolutionConfigurationPlatforms) = preSolution
		Debug|Any CPU = Debug|Any CPU
		Release|Any CPU = Release|Any CPU
	EndGlobalSection
	GlobalSection(ProjectConfigurationPlatforms) = postSolution
		{F576A912-978F-4626-92BC-552C498A7367}.Debug|Any CPU.ActiveCfg = Debug|Any CPU
		{F576A912-978F-4626-92BC-552C498A7367}.Debug|Any CPU.Build.0 = Debug|Any CPU
		{F576A912-978F-4626-92BC-552C498A7367}.Release|Any CPU.ActiveCfg = Release|Any CPU
		{F576A912-978F-4626-92BC-552C498A7367}.Release|Any CPU.Build.0 = Release|Any CPU
	EndGlobalSection
	GlobalSection(SolutionProperties) = preSolution
		HideSolutionNode = FALSE
	EndGlobalSection
	GlobalSection(ExtensibilityGlobals) = postSolution
		SolutionGuid = {82CB56BA-2CF2-44F8-ABA7-F1C989304FAF}
	EndGlobalSection
EndGlobal
